<?xml version="1.0" encoding="utf-8"?>
<Project ToolsVersion="4.0" xmlns="http://schemas.microsoft.com/developer/msbuild/2003">
  <ItemGroup>
    <Filter Include="Source Files">
      <UniqueIdentifier>{4FC737F1-C7A5-4376-A066-2A32D752A2FF}</UniqueIdentifier>
      <Extensions>cpp;c;cc;cxx;c++;def;odl;idl;hpj;bat;asm;asmx</Extensions>
    </Filter>
    <Filter Include="Header Files">
      <UniqueIdentifier>{93995380-89BD-4b04-88EB-625FBE52EBFB}</UniqueIdentifier>
      <Extensions>h;hh;hpp;hxx;h++;hm;inl;inc;ipp;xsd</Extensions>
    </Filter>
    <Filter Include="Resource Files">
      <UniqueIdentifier>{67DA6AB6-F800-4c08-8B7A-83BB121AAD01}</UniqueIdentifier>
      <Extensions>rc;ico;cur;bmp;dlg;rc2;rct;bin;rgs;gif;jpg;jpeg;jpe;resx;tiff;tif;png;wav;mfcribbon-ms</Extensions>
    </Filter>
  </ItemGroup>
  <ItemGroup>
    <ClCompile Include="main.cpp">
      <Filter>Source Files</Filter>
    </ClCompile>
    <ClCompile Include="3.h">
      <Filter>Source Files</Filter>
    </ClCompile>
  </ItemGroup>
  <ItemGroup>
    <ClInclude Include="stl.h">
      <Filter>Source Files</Filter>
    </ClInclude>
    <ClInclude Include="4.h">
      <Filter>Source Files</Filter>
    </ClInclude>
    <ClInclude Include="6.h">
      <Filter>Source Files</Filter>
    </ClInclude>
    <ClInclude Include="5_dp.h">
      <Filter>Source Files</Filter>
    </ClInclude>
    <ClInclude Include="5_expand_center.h">
      <Filter>Source Files</Filter>
    </ClInclude>
    <ClInclude Include="6_nomem.h">
      <Filter>Source Files</Filter>
    </ClInclude>
    <ClInclude Include="7.h">
      <Filter>Source Files</Filter>
    </ClInclude>
    <ClInclude Include="8.inl">
      <Filter>Source Files</Filter>
    </ClInclude>
  </ItemGroup>
  <ItemGroup>
    <None Include="9.inl">
      <Filter>Source Files</Filter>
    </None>
    <None Include="10.inl">
      <Filter>Source Files</Filter>
    </None>
    <None Include="10_1.inl">
      <Filter>Source Files</Filter>
    </None>
    <None Include="11.inl">
      <Filter>Source Files</Filter>
    </None>
    <None Include="12.inl">
      <Filter>Source Files</Filter>
    </None>
    <None Include="13.inl">
      <Filter>Source Files</Filter>
    </None>
    <None Include="14.inl">
      <Filter>Source Files</Filter>
    </None>
    <None Include="15.inl">
      <Filter>Source Files</Filter>
    </None>
    <None Include="15_1.inl">
      <Filter>Source Files</Filter>
    </None>
    <None Include="256_PaintHouse_dp.inl">
      <Filter>Source Files</Filter>
    </None>
    <None Include="256_PaintHouse_dp_const.inl">
      <Filter>Source Files</Filter>
    </None>
    <None Include="32_LongestValidParentheses.inl">
      <Filter>Source Files</Filter>
    </None>
    <None Include="42_TrappingRainWater.inl">
      <Filter>Source Files</Filter>
    </None>
    <None Include="42_TrappingRainWater_dp.inl">
      <Filter>Source Files</Filter>
    </None>
    <None Include="44_WildcardMatching.inl">
      <Filter>Source Files</Filter>
    </None>
    <None Include="53_MaximumSubarray_dp.inl">
      <Filter>Source Files</Filter>
    </None>
    <None Include="53_MaximumSubarray.inl">
      <Filter>Source Files</Filter>
    </None>
  </ItemGroup>
</Project>