
Microsoft Visual Studio Solution File, Format Version 12.00
# Visual Studio Version 16
VisualStudioVersion = 16.0.30204.135
MinimumVisualStudioVersion = 10.0.40219.1
Project("{8BC9CEB8-8B4A-11D0-8D11-00A0C91BC942}") = "leetcodecpp", "leetcodecpp.vcxproj", "{A941128F-1548-4AED-AB52-67B4A96E4985}"
EndProject
Project("{8BC9CEB8-8B4A-11D0-8D11-00A0C91BC942}") = "OtherAlgorithms", "OtherAlgorithms\OtherAlgorithms.vcxproj", "{28BFB9E0-9D13-48AE-AE88-227AB6987828}"
EndProject
Project("{8BC9CEB8-8B4A-11D0-8D11-00A0C91BC942}") = "echoparams", "echoparams\echoparams.vcxproj", "{0AD19C3B-0E3E-4A70-8878-89B54A42EEE2}"
EndProject
Global
	GlobalSection(SolutionConfigurationPlatforms) = preSolution
		Debug|x64 = Debug|x64
		Debug|x86 = Debug|x86
		Release|x64 = Release|x64
		Release|x86 = Release|x86
	EndGlobalSection
	GlobalSection(ProjectConfigurationPlatforms) = postSolution
		{A941128F-1548-4AED-AB52-67B4A96E4985}.Debug|x64.ActiveCfg = Debug|x64
		{A941128F-1548-4AED-AB52-67B4A96E4985}.Debug|x64.Build.0 = Debug|x64
		{A941128F-1548-4AED-AB52-67B4A96E4985}.Debug|x86.ActiveCfg = Debug|Win32
		{A941128F-1548-4AED-AB52-67B4A96E4985}.Debug|x86.Build.0 = Debug|Win32
		{A941128F-1548-4AED-AB52-67B4A96E4985}.Release|x64.ActiveCfg = Release|x64
		{A941128F-1548-4AED-AB52-67B4A96E4985}.Release|x64.Build.0 = Release|x64
		{A941128F-1548-4AED-AB52-67B4A96E4985}.Release|x86.ActiveCfg = Release|Win32
		{A941128F-1548-4AED-AB52-67B4A96E4985}.Release|x86.Build.0 = Release|Win32
		{28BFB9E0-9D13-48AE-AE88-227AB6987828}.Debug|x64.ActiveCfg = Debug|x64
		{28BFB9E0-9D13-48AE-AE88-227AB6987828}.Debug|x64.Build.0 = Debug|x64
		{28BFB9E0-9D13-48AE-AE88-227AB6987828}.Debug|x86.ActiveCfg = Debug|Win32
		{28BFB9E0-9D13-48AE-AE88-227AB6987828}.Debug|x86.Build.0 = Debug|Win32
		{28BFB9E0-9D13-48AE-AE88-227AB6987828}.Release|x64.ActiveCfg = Release|x64
		{28BFB9E0-9D13-48AE-AE88-227AB6987828}.Release|x64.Build.0 = Release|x64
		{28BFB9E0-9D13-48AE-AE88-227AB6987828}.Release|x86.ActiveCfg = Release|Win32
		{28BFB9E0-9D13-48AE-AE88-227AB6987828}.Release|x86.Build.0 = Release|Win32
		{0AD19C3B-0E3E-4A70-8878-89B54A42EEE2}.Debug|x64.ActiveCfg = Debug|x64
		{0AD19C3B-0E3E-4A70-8878-89B54A42EEE2}.Debug|x64.Build.0 = Debug|x64
		{0AD19C3B-0E3E-4A70-8878-89B54A42EEE2}.Debug|x86.ActiveCfg = Debug|Win32
		{0AD19C3B-0E3E-4A70-8878-89B54A42EEE2}.Debug|x86.Build.0 = Debug|Win32
		{0AD19C3B-0E3E-4A70-8878-89B54A42EEE2}.Release|x64.ActiveCfg = Release|x64
		{0AD19C3B-0E3E-4A70-8878-89B54A42EEE2}.Release|x64.Build.0 = Release|x64
		{0AD19C3B-0E3E-4A70-8878-89B54A42EEE2}.Release|x86.ActiveCfg = Release|Win32
		{0AD19C3B-0E3E-4A70-8878-89B54A42EEE2}.Release|x86.Build.0 = Release|Win32
	EndGlobalSection
	GlobalSection(SolutionProperties) = preSolution
		HideSolutionNode = FALSE
	EndGlobalSection
	GlobalSection(ExtensibilityGlobals) = postSolution
		SolutionGuid = {CE840239-46CA-4605-93C2-CD7853FFD1F6}
	EndGlobalSection
EndGlobal
